
Microsoft Visual Studio Solution File, Format Version 12.00
# Visual Studio Version 17
VisualStudioVersion = 17.2.32526.322
MinimumVisualStudioVersion = 10.0.40219.1
Project("{FAE04EC0-301F-11D3-BF4B-00C04F79EFBC}") = "HolaMundoV.2", "HolaMundoV.2\HolaMundoV.2.csproj", "{BAD8ACC0-2555-476D-8C8C-FC530B21E36C}"
EndProject
Global
	GlobalSection(SolutionConfigurationPlatforms) = preSolution
		Debug|Any CPU = Debug|Any CPU
		Release|Any CPU = Release|Any CPU
	EndGlobalSection
	GlobalSection(ProjectConfigurationPlatforms) = postSolution
		{BAD8ACC0-2555-476D-8C8C-FC530B21E36C}.Debug|Any CPU.ActiveCfg = Debug|Any CPU
		{BAD8ACC0-2555-476D-8C8C-FC530B21E36C}.Debug|Any CPU.Build.0 = Debug|Any CPU
		{BAD8ACC0-2555-476D-8C8C-FC530B21E36C}.Release|Any CPU.ActiveCfg = Release|Any CPU
		{BAD8ACC0-2555-476D-8C8C-FC530B21E36C}.Release|Any CPU.Build.0 = Release|Any CPU
	EndGlobalSection
	GlobalSection(SolutionProperties) = preSolution
		HideSolutionNode = FALSE
	EndGlobalSection
	GlobalSection(ExtensibilityGlobals) = postSolution
		SolutionGuid = {8D1B8CD5-A4BB-483C-9597-242809E9043C}
	EndGlobalSection
EndGlobal
